// !$*UTF8*$!
{
	archiveVersion = 1;
	classes = {
	};
	objectVersion = 46;
	objects = {

/* Begin PBXBuildFile section */
		280E9EBD15E0D18C00530934 /* QuartzCore.framework in Frameworks */ = {isa = PBXBuildFile; fileRef = 280E9EBC15E0D18C00530934 /* QuartzCore.framework */; };
		2841C7E115C91CC100F4F15F /* Cocoa.framework in Frameworks */ = {isa = PBXBuildFile; fileRef = 2841C7E015C91CC100F4F15F /* Cocoa.framework */; };
		2841C7ED15C91CC100F4F15F /* main.m in Sources */ = {isa = PBXBuildFile; fileRef = 2841C7EC15C91CC100F4F15F /* main.m */; };
		2841C7F115C91CC100F4F15F /* Credits.rtf in Resources */ = {isa = PBXBuildFile; fileRef = 2841C7EF15C91CC100F4F15F /* Credits.rtf */; };
		2841C7F415C91CC100F4F15F /* AppDelegate.m in Sources */ = {isa = PBXBuildFile; fileRef = 2841C7F315C91CC100F4F15F /* AppDelegate.m */; };
		2841C7FE15C91CEF00F4F15F /* IOKit.framework in Frameworks */ = {isa = PBXBuildFile; fileRef = 2841C7FD15C91CEF00F4F15F /* IOKit.framework */; };
		28833BAE15D7B90B00741727 /* HttpGet.m in Sources */ = {isa = PBXBuildFile; fileRef = 28833BAD15D7B90B00741727 /* HttpGet.m */; };
		28833BB215D7D4FF00741727 /* Readme.md in Resources */ = {isa = PBXBuildFile; fileRef = 28833BB115D7D4FF00741727 /* Readme.md */; };
		28833BB415D7D61100741727 /* build_version in Resources */ = {isa = PBXBuildFile; fileRef = 28833BB315D7D61100741727 /* build_version */; };
		28BA61A815D1B12500EDB674 /* icon.icns in Resources */ = {isa = PBXBuildFile; fileRef = 28BA61A715D1B12500EDB674 /* icon.icns */; };
		28FEDA5E15DA5C9D00320B72 /* ServiceManagement.framework in Frameworks */ = {isa = PBXBuildFile; fileRef = 28FEDA5D15DA5C9D00320B72 /* ServiceManagement.framework */; };
		28FEDA6E15DA5ECA00320B72 /* LaunchAtLoginHelper.app in CopyFiles */ = {isa = PBXBuildFile; fileRef = 28FEDA6B15DA5EB200320B72 /* LaunchAtLoginHelper.app */; };
		28FEDA6F15DA5F8C00320B72 /* LLManager.m in Sources */ = {isa = PBXBuildFile; fileRef = 28FEDA6315DA5EB200320B72 /* LLManager.m */; };
		B5BA41EC15FB87F0005082D7 /* MainMenuViewControllerTest.m in Sources */ = {isa = PBXBuildFile; fileRef = B5BA41EB15FB87F0005082D7 /* MainMenuViewControllerTest.m */; };
		B5BA41EF15FB8A50005082D7 /* PowerSource.m in Sources */ = {isa = PBXBuildFile; fileRef = B5BA41EE15FB8A50005082D7 /* PowerSource.m */; };
		B5BA41F015FB8A50005082D7 /* PowerSource.m in Sources */ = {isa = PBXBuildFile; fileRef = B5BA41EE15FB8A50005082D7 /* PowerSource.m */; };
		B5BA41F315FB8DB6005082D7 /* PowerSourceTest.m in Sources */ = {isa = PBXBuildFile; fileRef = B5BA41F215FB8DB6005082D7 /* PowerSourceTest.m */; };
		B5BA41F415FB9234005082D7 /* IOKit.framework in Frameworks */ = {isa = PBXBuildFile; fileRef = 2841C7FD15C91CEF00F4F15F /* IOKit.framework */; };
		B5BA41F515FB9239005082D7 /* ServiceManagement.framework in Frameworks */ = {isa = PBXBuildFile; fileRef = 28FEDA5D15DA5C9D00320B72 /* ServiceManagement.framework */; };
		B5BA41FA15FB930C005082D7 /* ChargingPowerSourceMock.m in Sources */ = {isa = PBXBuildFile; fileRef = B5BA41F915FB930C005082D7 /* ChargingPowerSourceMock.m */; };
		B5BA421015FB94BB005082D7 /* PercentageMenuItem.m in Sources */ = {isa = PBXBuildFile; fileRef = B5C45BC815FAB17100EEAD4D /* PercentageMenuItem.m */; };
		B5BA421115FB94E0005082D7 /* MainMenu.m in Sources */ = {isa = PBXBuildFile; fileRef = B5C45BC315FAA89C00EEAD4D /* MainMenu.m */; };
		B5BA421215FB94FB005082D7 /* PowerSourceMenuItem.m in Sources */ = {isa = PBXBuildFile; fileRef = B5C45BCF15FAB92C00EEAD4D /* PowerSourceMenuItem.m */; };
		B5BA421315FB94FB005082D7 /* LoadCyclesMenuItem.m in Sources */ = {isa = PBXBuildFile; fileRef = B5C45BD315FAB94000EEAD4D /* LoadCyclesMenuItem.m */; };
		B5BA421415FB94FB005082D7 /* PowerUsageMenuItem.m in Sources */ = {isa = PBXBuildFile; fileRef = B5C45BD715FAB95500EEAD4D /* PowerUsageMenuItem.m */; };
		B5BA421515FB94FB005082D7 /* TemperatureMenuItem.m in Sources */ = {isa = PBXBuildFile; fileRef = B5C45BDB15FAB97F00EEAD4D /* TemperatureMenuItem.m */; };
		B5BA421615FB94FB005082D7 /* StartAtLoginMenuItem.m in Sources */ = {isa = PBXBuildFile; fileRef = B5C45BE315FABD0600EEAD4D /* StartAtLoginMenuItem.m */; };
		B5BA421715FB94FB005082D7 /* NotificationsMenuItem.m in Sources */ = {isa = PBXBuildFile; fileRef = B5C45BDF15FABCE300EEAD4D /* NotificationsMenuItem.m */; };
		B5BA421815FB9521005082D7 /* LLManager.m in Sources */ = {isa = PBXBuildFile; fileRef = 28FEDA6315DA5EB200320B72 /* LLManager.m */; };
		B5BA422E15FBA719005082D7 /* StatusItemImageProvider.m in Sources */ = {isa = PBXBuildFile; fileRef = B5BA422D15FBA719005082D7 /* StatusItemImageProvider.m */; };
		B5BA422F15FBA719005082D7 /* StatusItemImageProvider.m in Sources */ = {isa = PBXBuildFile; fileRef = B5BA422D15FBA719005082D7 /* StatusItemImageProvider.m */; };
		B5BA423215FBBDA9005082D7 /* MainMenuItems.m in Sources */ = {isa = PBXBuildFile; fileRef = B5BA423115FBBDA9005082D7 /* MainMenuItems.m */; };
		B5BA423315FBBDA9005082D7 /* MainMenuItems.m in Sources */ = {isa = PBXBuildFile; fileRef = B5BA423115FBBDA9005082D7 /* MainMenuItems.m */; };
		B5BA423915FBC139005082D7 /* BTRConstants.m in Sources */ = {isa = PBXBuildFile; fileRef = B5BA423815FBC139005082D7 /* BTRConstants.m */; };
		B5BA423A15FBC139005082D7 /* BTRConstants.m in Sources */ = {isa = PBXBuildFile; fileRef = B5BA423815FBC139005082D7 /* BTRConstants.m */; };
		B5BA423D15FC039F005082D7 /* StatusItemImageProviderTest.m in Sources */ = {isa = PBXBuildFile; fileRef = B5BA423C15FC039F005082D7 /* StatusItemImageProviderTest.m */; };
		B5BA424115FC7E22005082D7 /* AdvancedModeMenuItem.m in Sources */ = {isa = PBXBuildFile; fileRef = B5BA423F15FC7E21005082D7 /* AdvancedModeMenuItem.m */; };
		B5BA424415FD16CD005082D7 /* QuitMenuItem.m in Sources */ = {isa = PBXBuildFile; fileRef = B5BA424315FD16CC005082D7 /* QuitMenuItem.m */; };
		B5BA424515FD16CD005082D7 /* QuitMenuItem.m in Sources */ = {isa = PBXBuildFile; fileRef = B5BA424315FD16CC005082D7 /* QuitMenuItem.m */; };
		B5BA424815FD1B17005082D7 /* ChargedPowerSourceMock.m in Sources */ = {isa = PBXBuildFile; fileRef = B5BA424715FD1B17005082D7 /* ChargedPowerSourceMock.m */; };
		B5BA424C15FD1B44005082D7 /* BatteryPowerSourceMock.m in Sources */ = {isa = PBXBuildFile; fileRef = B5BA424B15FD1B44005082D7 /* BatteryPowerSourceMock.m */; };
		B5BA424F15FD1E33005082D7 /* LowBatteryPowerSourceMock.m in Sources */ = {isa = PBXBuildFile; fileRef = B5BA424E15FD1E33005082D7 /* LowBatteryPowerSourceMock.m */; };
		B5BA425715FD2E1F005082D7 /* OpenEnergySaverPreferencesMenuItem.m in Sources */ = {isa = PBXBuildFile; fileRef = B5BA425615FD2E1D005082D7 /* OpenEnergySaverPreferencesMenuItem.m */; };
		B5BA425815FD2E1F005082D7 /* OpenEnergySaverPreferencesMenuItem.m in Sources */ = {isa = PBXBuildFile; fileRef = B5BA425615FD2E1D005082D7 /* OpenEnergySaverPreferencesMenuItem.m */; };
		B5BA425C15FD3D4B005082D7 /* BTRStatusNotificator.m in Sources */ = {isa = PBXBuildFile; fileRef = B5BA425B15FD3D4A005082D7 /* BTRStatusNotificator.m */; };
		B5BA425D15FD3D4B005082D7 /* BTRStatusNotificator.m in Sources */ = {isa = PBXBuildFile; fileRef = B5BA425B15FD3D4A005082D7 /* BTRStatusNotificator.m */; };
		B5C45B9315F94BDA00EEAD4D /* SenTestingKit.framework in Frameworks */ = {isa = PBXBuildFile; fileRef = B5C45B9215F94BDA00EEAD4D /* SenTestingKit.framework */; };
		B5C45B9415F94BDA00EEAD4D /* Cocoa.framework in Frameworks */ = {isa = PBXBuildFile; fileRef = 2841C7E015C91CC100F4F15F /* Cocoa.framework */; };
		B5C45B9A15F94BDA00EEAD4D /* InfoPlist.strings in Resources */ = {isa = PBXBuildFile; fileRef = B5C45B9815F94BDA00EEAD4D /* InfoPlist.strings */; };
		B5C45BA415F94C1A00EEAD4D /* SettingsTest.m in Sources */ = {isa = PBXBuildFile; fileRef = B5C45BA315F94C1A00EEAD4D /* SettingsTest.m */; };
		B5C45BA815F94DE700EEAD4D /* Settings.m in Sources */ = {isa = PBXBuildFile; fileRef = B5C45BA715F94DE700EEAD4D /* Settings.m */; };
		B5C45BA915F94DE700EEAD4D /* Settings.m in Sources */ = {isa = PBXBuildFile; fileRef = B5C45BA715F94DE700EEAD4D /* Settings.m */; };
		B5C45BB515FA7AEE00EEAD4D /* MainMenuViewController.m in Sources */ = {isa = PBXBuildFile; fileRef = B5C45BB315FA7AEE00EEAD4D /* MainMenuViewController.m */; };
		B5C45BB615FA7AEE00EEAD4D /* MainMenuViewController.m in Sources */ = {isa = PBXBuildFile; fileRef = B5C45BB315FA7AEE00EEAD4D /* MainMenuViewController.m */; };
		B5C45BB715FA7AEE00EEAD4D /* MainMenuViewController.xib in Resources */ = {isa = PBXBuildFile; fileRef = B5C45BB415FA7AEE00EEAD4D /* MainMenuViewController.xib */; };
		B5C45BB815FA7AEE00EEAD4D /* MainMenuViewController.xib in Resources */ = {isa = PBXBuildFile; fileRef = B5C45BB415FA7AEE00EEAD4D /* MainMenuViewController.xib */; };
		B5C45BC415FAA89C00EEAD4D /* MainMenu.m in Sources */ = {isa = PBXBuildFile; fileRef = B5C45BC315FAA89C00EEAD4D /* MainMenu.m */; };
		B5C45BC915FAB17100EEAD4D /* PercentageMenuItem.m in Sources */ = {isa = PBXBuildFile; fileRef = B5C45BC815FAB17100EEAD4D /* PercentageMenuItem.m */; };
		B5C45BCD15FAB1D800EEAD4D /* MainMenuTest.m in Sources */ = {isa = PBXBuildFile; fileRef = B5C45BCC15FAB1D800EEAD4D /* MainMenuTest.m */; };
		B5C45BD015FAB92C00EEAD4D /* PowerSourceMenuItem.m in Sources */ = {isa = PBXBuildFile; fileRef = B5C45BCF15FAB92C00EEAD4D /* PowerSourceMenuItem.m */; };
		B5C45BD415FAB94000EEAD4D /* LoadCyclesMenuItem.m in Sources */ = {isa = PBXBuildFile; fileRef = B5C45BD315FAB94000EEAD4D /* LoadCyclesMenuItem.m */; };
		B5C45BD815FAB95500EEAD4D /* PowerUsageMenuItem.m in Sources */ = {isa = PBXBuildFile; fileRef = B5C45BD715FAB95500EEAD4D /* PowerUsageMenuItem.m */; };
		B5C45BDC15FAB97F00EEAD4D /* TemperatureMenuItem.m in Sources */ = {isa = PBXBuildFile; fileRef = B5C45BDB15FAB97F00EEAD4D /* TemperatureMenuItem.m */; };
		B5C45BE015FABCE300EEAD4D /* NotificationsMenuItem.m in Sources */ = {isa = PBXBuildFile; fileRef = B5C45BDF15FABCE300EEAD4D /* NotificationsMenuItem.m */; };
		B5C45BE415FABD0600EEAD4D /* StartAtLoginMenuItem.m in Sources */ = {isa = PBXBuildFile; fileRef = B5C45BE315FABD0600EEAD4D /* StartAtLoginMenuItem.m */; };
		D53375E515DC43380077CEF6 /* Localizable.strings in Resources */ = {isa = PBXBuildFile; fileRef = D53375E315DC43380077CEF6 /* Localizable.strings */; };
/* End PBXBuildFile section */

/* Begin PBXContainerItemProxy section */
		28FEDA6A15DA5EB200320B72 /* PBXContainerItemProxy */ = {
			isa = PBXContainerItemProxy;
			containerPortal = 28FEDA5F15DA5EB200320B72 /* LaunchAtLoginHelper.xcodeproj */;
			proxyType = 2;
			remoteGlobalIDString = 734C379415414CE200994189;
			remoteInfo = LaunchAtLoginHelper;
		};
		28FEDA6C15DA5EC200320B72 /* PBXContainerItemProxy */ = {
			isa = PBXContainerItemProxy;
			containerPortal = 28FEDA5F15DA5EB200320B72 /* LaunchAtLoginHelper.xcodeproj */;
			proxyType = 1;
			remoteGlobalIDString = 734C379315414CE200994189;
			remoteInfo = LaunchAtLoginHelper;
		};
		B5BA41F615FB9257005082D7 /* PBXContainerItemProxy */ = {
			isa = PBXContainerItemProxy;
			containerPortal = 28FEDA5F15DA5EB200320B72 /* LaunchAtLoginHelper.xcodeproj */;
			proxyType = 1;
			remoteGlobalIDString = 734C379315414CE200994189;
			remoteInfo = LaunchAtLoginHelper;
		};
		B5BA420E15FB94AF005082D7 /* PBXContainerItemProxy */ = {
			isa = PBXContainerItemProxy;
			containerPortal = 2841C7D315C91CC100F4F15F /* Project object */;
			proxyType = 1;
			remoteGlobalIDString = 2841C7DB15C91CC100F4F15F;
			remoteInfo = "Battery Time Remaining";
		};
/* End PBXContainerItemProxy section */

/* Begin PBXCopyFilesBuildPhase section */
		28FEDA5B15DA5B5900320B72 /* CopyFiles */ = {
			isa = PBXCopyFilesBuildPhase;
			buildActionMask = 2147483647;
			dstPath = Contents/Library/LoginItems;
			dstSubfolderSpec = 1;
			files = (
				28FEDA6E15DA5ECA00320B72 /* LaunchAtLoginHelper.app in CopyFiles */,
			);
			runOnlyForDeploymentPostprocessing = 0;
		};
/* End PBXCopyFilesBuildPhase section */

/* Begin PBXFileReference section */
		280E9EBC15E0D18C00530934 /* QuartzCore.framework */ = {isa = PBXFileReference; lastKnownFileType = wrapper.framework; name = QuartzCore.framework; path = System/Library/Frameworks/QuartzCore.framework; sourceTree = SDKROOT; };
		28369FFA15EE902E005957A0 /* sk */ = {isa = PBXFileReference; fileEncoding = 10; lastKnownFileType = text.plist.strings; name = sk; path = sk.lproj/Localizable.strings; sourceTree = "<group>"; };
		2841C7DC15C91CC100F4F15F /* Battery Time Remaining.app */ = {isa = PBXFileReference; explicitFileType = wrapper.application; includeInIndex = 0; path = "Battery Time Remaining.app"; sourceTree = BUILT_PRODUCTS_DIR; };
		2841C7E015C91CC100F4F15F /* Cocoa.framework */ = {isa = PBXFileReference; lastKnownFileType = wrapper.framework; name = Cocoa.framework; path = System/Library/Frameworks/Cocoa.framework; sourceTree = SDKROOT; };
		2841C7E315C91CC100F4F15F /* AppKit.framework */ = {isa = PBXFileReference; lastKnownFileType = wrapper.framework; name = AppKit.framework; path = System/Library/Frameworks/AppKit.framework; sourceTree = SDKROOT; };
		2841C7E415C91CC100F4F15F /* CoreData.framework */ = {isa = PBXFileReference; lastKnownFileType = wrapper.framework; name = CoreData.framework; path = System/Library/Frameworks/CoreData.framework; sourceTree = SDKROOT; };
		2841C7E515C91CC100F4F15F /* Foundation.framework */ = {isa = PBXFileReference; lastKnownFileType = wrapper.framework; name = Foundation.framework; path = System/Library/Frameworks/Foundation.framework; sourceTree = SDKROOT; };
		2841C7E815C91CC100F4F15F /* Battery Time Remaining-Info.plist */ = {isa = PBXFileReference; lastKnownFileType = text.plist.xml; path = "Battery Time Remaining-Info.plist"; sourceTree = "<group>"; };
		2841C7EC15C91CC100F4F15F /* main.m */ = {isa = PBXFileReference; lastKnownFileType = sourcecode.c.objc; path = main.m; sourceTree = "<group>"; };
		2841C7EE15C91CC100F4F15F /* Battery Time Remaining-Prefix.pch */ = {isa = PBXFileReference; lastKnownFileType = sourcecode.c.h; path = "Battery Time Remaining-Prefix.pch"; sourceTree = "<group>"; };
		2841C7F015C91CC100F4F15F /* en */ = {isa = PBXFileReference; lastKnownFileType = text.rtf; name = en; path = en.lproj/Credits.rtf; sourceTree = "<group>"; };
		2841C7F215C91CC100F4F15F /* AppDelegate.h */ = {isa = PBXFileReference; lastKnownFileType = sourcecode.c.h; path = AppDelegate.h; sourceTree = "<group>"; };
		2841C7F315C91CC100F4F15F /* AppDelegate.m */ = {isa = PBXFileReference; lastKnownFileType = sourcecode.c.objc; path = AppDelegate.m; sourceTree = "<group>"; };
		2841C7FD15C91CEF00F4F15F /* IOKit.framework */ = {isa = PBXFileReference; lastKnownFileType = wrapper.framework; name = IOKit.framework; path = System/Library/Frameworks/IOKit.framework; sourceTree = SDKROOT; };
		288305DF15DD005C0064D457 /* sv */ = {isa = PBXFileReference; fileEncoding = 10; lastKnownFileType = text.plist.strings; name = sv; path = sv.lproj/Localizable.strings; sourceTree = "<group>"; };
		28833BAC15D7B90B00741727 /* HttpGet.h */ = {isa = PBXFileReference; fileEncoding = 4; lastKnownFileType = sourcecode.c.h; path = HttpGet.h; sourceTree = "<group>"; };
		28833BAD15D7B90B00741727 /* HttpGet.m */ = {isa = PBXFileReference; fileEncoding = 4; lastKnownFileType = sourcecode.c.objc; path = HttpGet.m; sourceTree = "<group>"; };
		28833BB115D7D4FF00741727 /* Readme.md */ = {isa = PBXFileReference; fileEncoding = 4; lastKnownFileType = text; path = Readme.md; sourceTree = SOURCE_ROOT; };
		28833BB315D7D61100741727 /* build_version */ = {isa = PBXFileReference; fileEncoding = 4; lastKnownFileType = text; path = build_version; sourceTree = SOURCE_ROOT; };
		28BA61A715D1B12500EDB674 /* icon.icns */ = {isa = PBXFileReference; lastKnownFileType = image.icns; name = icon.icns; path = ../icon.icns; sourceTree = "<group>"; };
		28BA61A915D1B63300EDB674 /* Battery Time Remaining.entitlements */ = {isa = PBXFileReference; lastKnownFileType = text.xml; path = "Battery Time Remaining.entitlements"; sourceTree = "<group>"; };
		28C8E25415F684CD009AA6DB /* pt */ = {isa = PBXFileReference; fileEncoding = 10; lastKnownFileType = text.plist.strings; name = pt; path = pt.lproj/Localizable.strings; sourceTree = "<group>"; };
		28FEDA5D15DA5C9D00320B72 /* ServiceManagement.framework */ = {isa = PBXFileReference; lastKnownFileType = wrapper.framework; name = ServiceManagement.framework; path = System/Library/Frameworks/ServiceManagement.framework; sourceTree = SDKROOT; };
		28FEDA5F15DA5EB200320B72 /* LaunchAtLoginHelper.xcodeproj */ = {isa = PBXFileReference; lastKnownFileType = "wrapper.pb-project"; name = LaunchAtLoginHelper.xcodeproj; path = LaunchAtLoginHelper/LaunchAtLoginHelper.xcodeproj; sourceTree = "<group>"; };
		28FEDA6215DA5EB200320B72 /* LLManager.h */ = {isa = PBXFileReference; lastKnownFileType = sourcecode.c.h; name = LLManager.h; path = ../LaunchAtLoginHelper/LLManager.h; sourceTree = "<group>"; };
		28FEDA6315DA5EB200320B72 /* LLManager.m */ = {isa = PBXFileReference; lastKnownFileType = sourcecode.c.objc; name = LLManager.m; path = ../LaunchAtLoginHelper/LLManager.m; sourceTree = "<group>"; };
		28FEDA6415DA5EB200320B72 /* LLStrings.h */ = {isa = PBXFileReference; lastKnownFileType = sourcecode.c.h; name = LLStrings.h; path = ../LaunchAtLoginHelper/LLStrings.h; sourceTree = "<group>"; };
		B5BA41EA15FB87F0005082D7 /* MainMenuViewControllerTest.h */ = {isa = PBXFileReference; fileEncoding = 4; lastKnownFileType = sourcecode.c.h; path = MainMenuViewControllerTest.h; sourceTree = "<group>"; };
		B5BA41EB15FB87F0005082D7 /* MainMenuViewControllerTest.m */ = {isa = PBXFileReference; fileEncoding = 4; lastKnownFileType = sourcecode.c.objc; path = MainMenuViewControllerTest.m; sourceTree = "<group>"; };
		B5BA41ED15FB8A50005082D7 /* PowerSource.h */ = {isa = PBXFileReference; fileEncoding = 4; lastKnownFileType = sourcecode.c.h; path = PowerSource.h; sourceTree = "<group>"; };
		B5BA41EE15FB8A50005082D7 /* PowerSource.m */ = {isa = PBXFileReference; fileEncoding = 4; lastKnownFileType = sourcecode.c.objc; path = PowerSource.m; sourceTree = "<group>"; };
		B5BA41F115FB8DB6005082D7 /* PowerSourceTest.h */ = {isa = PBXFileReference; fileEncoding = 4; lastKnownFileType = sourcecode.c.h; path = PowerSourceTest.h; sourceTree = "<group>"; };
		B5BA41F215FB8DB6005082D7 /* PowerSourceTest.m */ = {isa = PBXFileReference; fileEncoding = 4; lastKnownFileType = sourcecode.c.objc; path = PowerSourceTest.m; sourceTree = "<group>"; };
		B5BA41F815FB930C005082D7 /* ChargingPowerSourceMock.h */ = {isa = PBXFileReference; fileEncoding = 4; lastKnownFileType = sourcecode.c.h; path = ChargingPowerSourceMock.h; sourceTree = "<group>"; };
		B5BA41F915FB930C005082D7 /* ChargingPowerSourceMock.m */ = {isa = PBXFileReference; fileEncoding = 4; lastKnownFileType = sourcecode.c.objc; path = ChargingPowerSourceMock.m; sourceTree = "<group>"; };
		B5BA422C15FBA719005082D7 /* StatusItemImageProvider.h */ = {isa = PBXFileReference; fileEncoding = 4; lastKnownFileType = sourcecode.c.h; path = StatusItemImageProvider.h; sourceTree = "<group>"; };
		B5BA422D15FBA719005082D7 /* StatusItemImageProvider.m */ = {isa = PBXFileReference; fileEncoding = 4; lastKnownFileType = sourcecode.c.objc; path = StatusItemImageProvider.m; sourceTree = "<group>"; };
		B5BA423015FBBDA9005082D7 /* MainMenuItems.h */ = {isa = PBXFileReference; fileEncoding = 4; lastKnownFileType = sourcecode.c.h; path = MainMenuItems.h; sourceTree = "<group>"; };
		B5BA423115FBBDA9005082D7 /* MainMenuItems.m */ = {isa = PBXFileReference; fileEncoding = 4; lastKnownFileType = sourcecode.c.objc; path = MainMenuItems.m; sourceTree = "<group>"; };
		B5BA423715FBC139005082D7 /* BTRConstants.h */ = {isa = PBXFileReference; fileEncoding = 4; lastKnownFileType = sourcecode.c.h; path = BTRConstants.h; sourceTree = "<group>"; };
		B5BA423815FBC139005082D7 /* BTRConstants.m */ = {isa = PBXFileReference; fileEncoding = 4; lastKnownFileType = sourcecode.c.objc; path = BTRConstants.m; sourceTree = "<group>"; };
		B5BA423B15FC039F005082D7 /* StatusItemImageProviderTest.h */ = {isa = PBXFileReference; fileEncoding = 4; lastKnownFileType = sourcecode.c.h; path = StatusItemImageProviderTest.h; sourceTree = "<group>"; };
		B5BA423C15FC039F005082D7 /* StatusItemImageProviderTest.m */ = {isa = PBXFileReference; fileEncoding = 4; lastKnownFileType = sourcecode.c.objc; path = StatusItemImageProviderTest.m; sourceTree = "<group>"; };
		B5BA423E15FC7E21005082D7 /* AdvancedModeMenuItem.h */ = {isa = PBXFileReference; fileEncoding = 4; lastKnownFileType = sourcecode.c.h; path = AdvancedModeMenuItem.h; sourceTree = "<group>"; };
		B5BA423F15FC7E21005082D7 /* AdvancedModeMenuItem.m */ = {isa = PBXFileReference; fileEncoding = 4; lastKnownFileType = sourcecode.c.objc; path = AdvancedModeMenuItem.m; sourceTree = "<group>"; };
		B5BA424215FD16CB005082D7 /* QuitMenuItem.h */ = {isa = PBXFileReference; fileEncoding = 4; lastKnownFileType = sourcecode.c.h; path = QuitMenuItem.h; sourceTree = "<group>"; };
		B5BA424315FD16CC005082D7 /* QuitMenuItem.m */ = {isa = PBXFileReference; fileEncoding = 4; lastKnownFileType = sourcecode.c.objc; path = QuitMenuItem.m; sourceTree = "<group>"; };
		B5BA424615FD1B16005082D7 /* ChargedPowerSourceMock.h */ = {isa = PBXFileReference; fileEncoding = 4; lastKnownFileType = sourcecode.c.h; path = ChargedPowerSourceMock.h; sourceTree = "<group>"; };
		B5BA424715FD1B17005082D7 /* ChargedPowerSourceMock.m */ = {isa = PBXFileReference; fileEncoding = 4; lastKnownFileType = sourcecode.c.objc; path = ChargedPowerSourceMock.m; sourceTree = "<group>"; };
		B5BA424A15FD1B44005082D7 /* BatteryPowerSourceMock.h */ = {isa = PBXFileReference; fileEncoding = 4; lastKnownFileType = sourcecode.c.h; path = BatteryPowerSourceMock.h; sourceTree = "<group>"; };
		B5BA424B15FD1B44005082D7 /* BatteryPowerSourceMock.m */ = {isa = PBXFileReference; fileEncoding = 4; lastKnownFileType = sourcecode.c.objc; path = BatteryPowerSourceMock.m; sourceTree = "<group>"; };
		B5BA424D15FD1E33005082D7 /* LowBatteryPowerSourceMock.h */ = {isa = PBXFileReference; fileEncoding = 4; lastKnownFileType = sourcecode.c.h; path = LowBatteryPowerSourceMock.h; sourceTree = "<group>"; };
		B5BA424E15FD1E33005082D7 /* LowBatteryPowerSourceMock.m */ = {isa = PBXFileReference; fileEncoding = 4; lastKnownFileType = sourcecode.c.objc; path = LowBatteryPowerSourceMock.m; sourceTree = "<group>"; };
		B5BA425515FD2E1C005082D7 /* OpenEnergySaverPreferencesMenuItem.h */ = {isa = PBXFileReference; fileEncoding = 4; lastKnownFileType = sourcecode.c.h; path = OpenEnergySaverPreferencesMenuItem.h; sourceTree = "<group>"; };
		B5BA425615FD2E1D005082D7 /* OpenEnergySaverPreferencesMenuItem.m */ = {isa = PBXFileReference; fileEncoding = 4; lastKnownFileType = sourcecode.c.objc; path = OpenEnergySaverPreferencesMenuItem.m; sourceTree = "<group>"; };
		B5BA425A15FD3D4A005082D7 /* BTRStatusNotificator.h */ = {isa = PBXFileReference; fileEncoding = 4; lastKnownFileType = sourcecode.c.h; path = BTRStatusNotificator.h; sourceTree = "<group>"; };
		B5BA425B15FD3D4A005082D7 /* BTRStatusNotificator.m */ = {isa = PBXFileReference; fileEncoding = 4; lastKnownFileType = sourcecode.c.objc; path = BTRStatusNotificator.m; sourceTree = "<group>"; };
		B5C45B9115F94BD900EEAD4D /* Battery Time Tests.octest */ = {isa = PBXFileReference; explicitFileType = wrapper.cfbundle; includeInIndex = 0; name = "Battery Time Tests.octest"; path = "Battery Time Remaining Tests.octest"; sourceTree = BUILT_PRODUCTS_DIR; };
		B5C45B9215F94BDA00EEAD4D /* SenTestingKit.framework */ = {isa = PBXFileReference; lastKnownFileType = wrapper.framework; name = SenTestingKit.framework; path = Library/Frameworks/SenTestingKit.framework; sourceTree = DEVELOPER_DIR; };
		B5C45B9715F94BDA00EEAD4D /* Battery Time Tests-Info.plist */ = {isa = PBXFileReference; lastKnownFileType = text.plist.xml; path = "Battery Time Tests-Info.plist"; sourceTree = "<group>"; };
		B5C45B9915F94BDA00EEAD4D /* en */ = {isa = PBXFileReference; lastKnownFileType = text.plist.strings; name = en; path = en.lproj/InfoPlist.strings; sourceTree = "<group>"; };
		B5C45B9E15F94BDA00EEAD4D /* Battery Time Tests-Prefix.pch */ = {isa = PBXFileReference; lastKnownFileType = sourcecode.c.h; path = "Battery Time Tests-Prefix.pch"; sourceTree = "<group>"; };
		B5C45BA215F94C1A00EEAD4D /* SettingsTest.h */ = {isa = PBXFileReference; fileEncoding = 4; lastKnownFileType = sourcecode.c.h; name = SettingsTest.h; path = "../Battery Time Remaining Tests/SettingsTest.h"; sourceTree = "<group>"; };
		B5C45BA315F94C1A00EEAD4D /* SettingsTest.m */ = {isa = PBXFileReference; fileEncoding = 4; lastKnownFileType = sourcecode.c.objc; name = SettingsTest.m; path = "../Battery Time Remaining Tests/SettingsTest.m"; sourceTree = "<group>"; };
		B5C45BA615F94DE700EEAD4D /* Settings.h */ = {isa = PBXFileReference; fileEncoding = 4; lastKnownFileType = sourcecode.c.h; path = Settings.h; sourceTree = "<group>"; };
		B5C45BA715F94DE700EEAD4D /* Settings.m */ = {isa = PBXFileReference; fileEncoding = 4; lastKnownFileType = sourcecode.c.objc; path = Settings.m; sourceTree = "<group>"; };
		B5C45BB215FA7AEE00EEAD4D /* MainMenuViewController.h */ = {isa = PBXFileReference; fileEncoding = 4; lastKnownFileType = sourcecode.c.h; path = MainMenuViewController.h; sourceTree = "<group>"; };
		B5C45BB315FA7AEE00EEAD4D /* MainMenuViewController.m */ = {isa = PBXFileReference; fileEncoding = 4; lastKnownFileType = sourcecode.c.objc; path = MainMenuViewController.m; sourceTree = "<group>"; };
		B5C45BB415FA7AEE00EEAD4D /* MainMenuViewController.xib */ = {isa = PBXFileReference; fileEncoding = 4; lastKnownFileType = file.xib; path = MainMenuViewController.xib; sourceTree = "<group>"; };
		B5C45BC215FAA89C00EEAD4D /* MainMenu.h */ = {isa = PBXFileReference; fileEncoding = 4; lastKnownFileType = sourcecode.c.h; path = MainMenu.h; sourceTree = "<group>"; };
		B5C45BC315FAA89C00EEAD4D /* MainMenu.m */ = {isa = PBXFileReference; fileEncoding = 4; lastKnownFileType = sourcecode.c.objc; path = MainMenu.m; sourceTree = "<group>"; };
		B5C45BC715FAB17100EEAD4D /* PercentageMenuItem.h */ = {isa = PBXFileReference; fileEncoding = 4; lastKnownFileType = sourcecode.c.h; path = PercentageMenuItem.h; sourceTree = "<group>"; };
		B5C45BC815FAB17100EEAD4D /* PercentageMenuItem.m */ = {isa = PBXFileReference; fileEncoding = 4; lastKnownFileType = sourcecode.c.objc; path = PercentageMenuItem.m; sourceTree = "<group>"; };
		B5C45BCB15FAB1D800EEAD4D /* MainMenuTest.h */ = {isa = PBXFileReference; fileEncoding = 4; lastKnownFileType = sourcecode.c.h; path = MainMenuTest.h; sourceTree = "<group>"; };
		B5C45BCC15FAB1D800EEAD4D /* MainMenuTest.m */ = {isa = PBXFileReference; fileEncoding = 4; lastKnownFileType = sourcecode.c.objc; path = MainMenuTest.m; sourceTree = "<group>"; };
		B5C45BCE15FAB92C00EEAD4D /* PowerSourceMenuItem.h */ = {isa = PBXFileReference; fileEncoding = 4; lastKnownFileType = sourcecode.c.h; path = PowerSourceMenuItem.h; sourceTree = "<group>"; };
		B5C45BCF15FAB92C00EEAD4D /* PowerSourceMenuItem.m */ = {isa = PBXFileReference; fileEncoding = 4; lastKnownFileType = sourcecode.c.objc; path = PowerSourceMenuItem.m; sourceTree = "<group>"; };
		B5C45BD215FAB94000EEAD4D /* LoadCyclesMenuItem.h */ = {isa = PBXFileReference; fileEncoding = 4; lastKnownFileType = sourcecode.c.h; path = LoadCyclesMenuItem.h; sourceTree = "<group>"; };
		B5C45BD315FAB94000EEAD4D /* LoadCyclesMenuItem.m */ = {isa = PBXFileReference; fileEncoding = 4; lastKnownFileType = sourcecode.c.objc; path = LoadCyclesMenuItem.m; sourceTree = "<group>"; };
		B5C45BD615FAB95500EEAD4D /* PowerUsageMenuItem.h */ = {isa = PBXFileReference; fileEncoding = 4; lastKnownFileType = sourcecode.c.h; path = PowerUsageMenuItem.h; sourceTree = "<group>"; };
		B5C45BD715FAB95500EEAD4D /* PowerUsageMenuItem.m */ = {isa = PBXFileReference; fileEncoding = 4; lastKnownFileType = sourcecode.c.objc; path = PowerUsageMenuItem.m; sourceTree = "<group>"; };
		B5C45BDA15FAB97F00EEAD4D /* TemperatureMenuItem.h */ = {isa = PBXFileReference; fileEncoding = 4; lastKnownFileType = sourcecode.c.h; path = TemperatureMenuItem.h; sourceTree = "<group>"; };
		B5C45BDB15FAB97F00EEAD4D /* TemperatureMenuItem.m */ = {isa = PBXFileReference; fileEncoding = 4; lastKnownFileType = sourcecode.c.objc; path = TemperatureMenuItem.m; sourceTree = "<group>"; };
		B5C45BDE15FABCE300EEAD4D /* NotificationsMenuItem.h */ = {isa = PBXFileReference; fileEncoding = 4; lastKnownFileType = sourcecode.c.h; path = NotificationsMenuItem.h; sourceTree = "<group>"; };
		B5C45BDF15FABCE300EEAD4D /* NotificationsMenuItem.m */ = {isa = PBXFileReference; fileEncoding = 4; lastKnownFileType = sourcecode.c.objc; path = NotificationsMenuItem.m; sourceTree = "<group>"; };
		B5C45BE215FABD0600EEAD4D /* StartAtLoginMenuItem.h */ = {isa = PBXFileReference; fileEncoding = 4; lastKnownFileType = sourcecode.c.h; path = StartAtLoginMenuItem.h; sourceTree = "<group>"; };
		B5C45BE315FABD0600EEAD4D /* StartAtLoginMenuItem.m */ = {isa = PBXFileReference; fileEncoding = 4; lastKnownFileType = sourcecode.c.objc; path = StartAtLoginMenuItem.m; sourceTree = "<group>"; };
		C24C463B15E7DC8A00DC943D /* de */ = {isa = PBXFileReference; fileEncoding = 10; lastKnownFileType = text.plist.strings; name = de; path = de.lproj/Localizable.strings; sourceTree = "<group>"; };
		D53375E415DC43380077CEF6 /* en */ = {isa = PBXFileReference; fileEncoding = 10; lastKnownFileType = text.plist.strings; name = en; path = en.lproj/Localizable.strings; sourceTree = "<group>"; };
		D53375FC15DC44620077CEF6 /* nl */ = {isa = PBXFileReference; fileEncoding = 10; lastKnownFileType = text.plist.strings; name = nl; path = nl.lproj/Localizable.strings; sourceTree = "<group>"; };
		E5F79AEE15F1002500F23122 /* pl */ = {isa = PBXFileReference; fileEncoding = 10; lastKnownFileType = text.plist.strings; name = pl; path = pl.lproj/Localizable.strings; sourceTree = "<group>"; };
		F018553D15E460A500AC6173 /* fr */ = {isa = PBXFileReference; fileEncoding = 10; lastKnownFileType = text.plist.strings; name = fr; path = fr.lproj/Localizable.strings; sourceTree = "<group>"; };
/* End PBXFileReference section */

/* Begin PBXFrameworksBuildPhase section */
		2841C7D915C91CC100F4F15F /* Frameworks */ = {
			isa = PBXFrameworksBuildPhase;
			buildActionMask = 2147483647;
			files = (
				280E9EBD15E0D18C00530934 /* QuartzCore.framework in Frameworks */,
				28FEDA5E15DA5C9D00320B72 /* ServiceManagement.framework in Frameworks */,
				2841C7FE15C91CEF00F4F15F /* IOKit.framework in Frameworks */,
				2841C7E115C91CC100F4F15F /* Cocoa.framework in Frameworks */,
			);
			runOnlyForDeploymentPostprocessing = 0;
		};
		B5C45B8D15F94BD900EEAD4D /* Frameworks */ = {
			isa = PBXFrameworksBuildPhase;
			buildActionMask = 2147483647;
			files = (
				B5BA41F515FB9239005082D7 /* ServiceManagement.framework in Frameworks */,
				B5BA41F415FB9234005082D7 /* IOKit.framework in Frameworks */,
				B5C45B9315F94BDA00EEAD4D /* SenTestingKit.framework in Frameworks */,
				B5C45B9415F94BDA00EEAD4D /* Cocoa.framework in Frameworks */,
			);
			runOnlyForDeploymentPostprocessing = 0;
		};
/* End PBXFrameworksBuildPhase section */

/* Begin PBXGroup section */
		2841C7D115C91CC100F4F15F = {
			isa = PBXGroup;
			children = (
				B5BA421915FB9C8C005082D7 /* Libraries and Helpers */,
				2841C7E615C91CC100F4F15F /* Battery Time Remaining */,
				B5C45B9515F94BDA00EEAD4D /* Battery Time Remaining Tests */,
				2841C7DF15C91CC100F4F15F /* Frameworks */,
				2841C7DD15C91CC100F4F15F /* Products */,
			);
			sourceTree = "<group>";
		};
		2841C7DD15C91CC100F4F15F /* Products */ = {
			isa = PBXGroup;
			children = (
				2841C7DC15C91CC100F4F15F /* Battery Time Remaining.app */,
				B5C45B9115F94BD900EEAD4D /* Battery Time Tests.octest */,
			);
			name = Products;
			sourceTree = "<group>";
		};
		2841C7DF15C91CC100F4F15F /* Frameworks */ = {
			isa = PBXGroup;
			children = (
				280E9EBC15E0D18C00530934 /* QuartzCore.framework */,
				28FEDA5D15DA5C9D00320B72 /* ServiceManagement.framework */,
				2841C7FD15C91CEF00F4F15F /* IOKit.framework */,
				2841C7E015C91CC100F4F15F /* Cocoa.framework */,
				B5C45B9215F94BDA00EEAD4D /* SenTestingKit.framework */,
				2841C7E215C91CC100F4F15F /* Other Frameworks */,
			);
			name = Frameworks;
			sourceTree = "<group>";
		};
		2841C7E215C91CC100F4F15F /* Other Frameworks */ = {
			isa = PBXGroup;
			children = (
				2841C7E315C91CC100F4F15F /* AppKit.framework */,
				2841C7E415C91CC100F4F15F /* CoreData.framework */,
				2841C7E515C91CC100F4F15F /* Foundation.framework */,
			);
			name = "Other Frameworks";
			sourceTree = "<group>";
		};
		2841C7E615C91CC100F4F15F /* Battery Time Remaining */ = {
			isa = PBXGroup;
			children = (
				B5BA425915FD3D23005082D7 /* Helper */,
				B5C45BC115FAA87E00EEAD4D /* View */,
				B5C45BAC15F9598E00EEAD4D /* Controller */,
				B5C45BA515F94DCF00EEAD4D /* Model */,
				28FEDA6215DA5EB200320B72 /* LLManager.h */,
				28FEDA6315DA5EB200320B72 /* LLManager.m */,
				28FEDA6415DA5EB200320B72 /* LLStrings.h */,
				2841C7F215C91CC100F4F15F /* AppDelegate.h */,
				2841C7F315C91CC100F4F15F /* AppDelegate.m */,
				28833BAC15D7B90B00741727 /* HttpGet.h */,
				28833BAD15D7B90B00741727 /* HttpGet.m */,
				2841C7E715C91CC100F4F15F /* Supporting Files */,
				B5BA423715FBC139005082D7 /* BTRConstants.h */,
				B5BA423815FBC139005082D7 /* BTRConstants.m */,
			);
			path = "Battery Time Remaining";
			sourceTree = "<group>";
		};
		2841C7E715C91CC100F4F15F /* Supporting Files */ = {
			isa = PBXGroup;
			children = (
				D53375E315DC43380077CEF6 /* Localizable.strings */,
				28833BB315D7D61100741727 /* build_version */,
				28833BB115D7D4FF00741727 /* Readme.md */,
				28BA61A715D1B12500EDB674 /* icon.icns */,
				28BA61A915D1B63300EDB674 /* Battery Time Remaining.entitlements */,
				2841C7E815C91CC100F4F15F /* Battery Time Remaining-Info.plist */,
				2841C7EC15C91CC100F4F15F /* main.m */,
				2841C7EE15C91CC100F4F15F /* Battery Time Remaining-Prefix.pch */,
				2841C7EF15C91CC100F4F15F /* Credits.rtf */,
			);
			name = "Supporting Files";
			sourceTree = "<group>";
		};
		28FEDA6015DA5EB200320B72 /* Products */ = {
			isa = PBXGroup;
			children = (
				28FEDA6B15DA5EB200320B72 /* LaunchAtLoginHelper.app */,
			);
			name = Products;
			sourceTree = "<group>";
		};
		B5BA421915FB9C8C005082D7 /* Libraries and Helpers */ = {
			isa = PBXGroup;
			children = (
				28FEDA5F15DA5EB200320B72 /* LaunchAtLoginHelper.xcodeproj */,
			);
			name = "Libraries and Helpers";
			sourceTree = "<group>";
		};
		B5BA424915FD1B1D005082D7 /* Mocks */ = {
			isa = PBXGroup;
			children = (
				B5BA424615FD1B16005082D7 /* ChargedPowerSourceMock.h */,
				B5BA424715FD1B17005082D7 /* ChargedPowerSourceMock.m */,
				B5BA41F815FB930C005082D7 /* ChargingPowerSourceMock.h */,
				B5BA41F915FB930C005082D7 /* ChargingPowerSourceMock.m */,
				B5BA424A15FD1B44005082D7 /* BatteryPowerSourceMock.h */,
				B5BA424B15FD1B44005082D7 /* BatteryPowerSourceMock.m */,
				B5BA424D15FD1E33005082D7 /* LowBatteryPowerSourceMock.h */,
				B5BA424E15FD1E33005082D7 /* LowBatteryPowerSourceMock.m */,
			);
			name = Mocks;
			sourceTree = "<group>";
		};
		B5BA425915FD3D23005082D7 /* Helper */ = {
			isa = PBXGroup;
			children = (
				B5BA425A15FD3D4A005082D7 /* BTRStatusNotificator.h */,
				B5BA425B15FD3D4A005082D7 /* BTRStatusNotificator.m */,
			);
			name = Helper;
			sourceTree = "<group>";
		};
		B5C45B9515F94BDA00EEAD4D /* Battery Time Remaining Tests */ = {
			isa = PBXGroup;
			children = (
				B5C45B9615F94BDA00EEAD4D /* Supporting Files */,
				B5BA424915FD1B1D005082D7 /* Mocks */,
				B5C45BA215F94C1A00EEAD4D /* SettingsTest.h */,
				B5C45BA315F94C1A00EEAD4D /* SettingsTest.m */,
				B5C45BCB15FAB1D800EEAD4D /* MainMenuTest.h */,
				B5C45BCC15FAB1D800EEAD4D /* MainMenuTest.m */,
				B5BA41EA15FB87F0005082D7 /* MainMenuViewControllerTest.h */,
				B5BA41EB15FB87F0005082D7 /* MainMenuViewControllerTest.m */,
				B5BA41F115FB8DB6005082D7 /* PowerSourceTest.h */,
				B5BA41F215FB8DB6005082D7 /* PowerSourceTest.m */,
				B5BA423B15FC039F005082D7 /* StatusItemImageProviderTest.h */,
				B5BA423C15FC039F005082D7 /* StatusItemImageProviderTest.m */,
			);
			name = "Battery Time Remaining Tests";
			path = "Battery Time Tests";
			sourceTree = "<group>";
		};
		B5C45B9615F94BDA00EEAD4D /* Supporting Files */ = {
			isa = PBXGroup;
			children = (
				B5C45B9715F94BDA00EEAD4D /* Battery Time Tests-Info.plist */,
				B5C45B9815F94BDA00EEAD4D /* InfoPlist.strings */,
				B5C45B9E15F94BDA00EEAD4D /* Battery Time Tests-Prefix.pch */,
			);
			name = "Supporting Files";
			sourceTree = "<group>";
		};
		B5C45BA515F94DCF00EEAD4D /* Model */ = {
			isa = PBXGroup;
			children = (
				B5C45BA615F94DE700EEAD4D /* Settings.h */,
				B5C45BA715F94DE700EEAD4D /* Settings.m */,
				B5BA41ED15FB8A50005082D7 /* PowerSource.h */,
				B5BA41EE15FB8A50005082D7 /* PowerSource.m */,
			);
			name = Model;
			sourceTree = "<group>";
		};
		B5C45BAC15F9598E00EEAD4D /* Controller */ = {
			isa = PBXGroup;
			children = (
				B5C45BB215FA7AEE00EEAD4D /* MainMenuViewController.h */,
				B5C45BB315FA7AEE00EEAD4D /* MainMenuViewController.m */,
				B5C45BB415FA7AEE00EEAD4D /* MainMenuViewController.xib */,
			);
			name = Controller;
			sourceTree = "<group>";
		};
		B5C45BC115FAA87E00EEAD4D /* View */ = {
			isa = PBXGroup;
			children = (
				B5C45BC615FAB15B00EEAD4D /* MenuItems */,
				B5C45BC215FAA89C00EEAD4D /* MainMenu.h */,
				B5C45BC315FAA89C00EEAD4D /* MainMenu.m */,
				B5BA422C15FBA719005082D7 /* StatusItemImageProvider.h */,
				B5BA422D15FBA719005082D7 /* StatusItemImageProvider.m */,
			);
			name = View;
			sourceTree = "<group>";
		};
		B5C45BC615FAB15B00EEAD4D /* MenuItems */ = {
			isa = PBXGroup;
			children = (
				B5BA423015FBBDA9005082D7 /* MainMenuItems.h */,
				B5BA423115FBBDA9005082D7 /* MainMenuItems.m */,
				B5C45BC715FAB17100EEAD4D /* PercentageMenuItem.h */,
				B5C45BC815FAB17100EEAD4D /* PercentageMenuItem.m */,
				B5C45BCE15FAB92C00EEAD4D /* PowerSourceMenuItem.h */,
				B5C45BCF15FAB92C00EEAD4D /* PowerSourceMenuItem.m */,
				B5C45BD215FAB94000EEAD4D /* LoadCyclesMenuItem.h */,
				B5C45BD315FAB94000EEAD4D /* LoadCyclesMenuItem.m */,
				B5C45BD615FAB95500EEAD4D /* PowerUsageMenuItem.h */,
				B5C45BD715FAB95500EEAD4D /* PowerUsageMenuItem.m */,
				B5C45BDA15FAB97F00EEAD4D /* TemperatureMenuItem.h */,
				B5C45BDB15FAB97F00EEAD4D /* TemperatureMenuItem.m */,
				B5C45BE215FABD0600EEAD4D /* StartAtLoginMenuItem.h */,
				B5C45BE315FABD0600EEAD4D /* StartAtLoginMenuItem.m */,
				B5BA423E15FC7E21005082D7 /* AdvancedModeMenuItem.h */,
				B5BA423F15FC7E21005082D7 /* AdvancedModeMenuItem.m */,
				B5C45BDE15FABCE300EEAD4D /* NotificationsMenuItem.h */,
				B5C45BDF15FABCE300EEAD4D /* NotificationsMenuItem.m */,
				B5BA425515FD2E1C005082D7 /* OpenEnergySaverPreferencesMenuItem.h */,
				B5BA425615FD2E1D005082D7 /* OpenEnergySaverPreferencesMenuItem.m */,
				B5BA424215FD16CB005082D7 /* QuitMenuItem.h */,
				B5BA424315FD16CC005082D7 /* QuitMenuItem.m */,
			);
			name = MenuItems;
			sourceTree = "<group>";
		};
/* End PBXGroup section */

/* Begin PBXNativeTarget section */
		2841C7DB15C91CC100F4F15F /* Battery Time Remaining */ = {
			isa = PBXNativeTarget;
			buildConfigurationList = 2841C7FA15C91CC200F4F15F /* Build configuration list for PBXNativeTarget "Battery Time Remaining" */;
			buildPhases = (
				2841C7D815C91CC100F4F15F /* Sources */,
				2841C7D915C91CC100F4F15F /* Frameworks */,
				2841C7DA15C91CC100F4F15F /* Resources */,
				28FEDA5B15DA5B5900320B72 /* CopyFiles */,
			);
			buildRules = (
			);
			dependencies = (
				28FEDA6D15DA5EC200320B72 /* PBXTargetDependency */,
			);
			name = "Battery Time Remaining";
			productName = "Battery Time Remaining";
			productReference = 2841C7DC15C91CC100F4F15F /* Battery Time Remaining.app */;
			productType = "com.apple.product-type.application";
		};
		B5C45B9015F94BD900EEAD4D /* Battery Time Remaining Tests */ = {
			isa = PBXNativeTarget;
			buildConfigurationList = B5C45B9F15F94BDA00EEAD4D /* Build configuration list for PBXNativeTarget "Battery Time Remaining Tests" */;
			buildPhases = (
				B5C45B8C15F94BD900EEAD4D /* Sources */,
				B5C45B8D15F94BD900EEAD4D /* Frameworks */,
				B5C45B8E15F94BD900EEAD4D /* Resources */,
				B5C45B8F15F94BD900EEAD4D /* ShellScript */,
			);
			buildRules = (
			);
			dependencies = (
				B5BA420F15FB94AF005082D7 /* PBXTargetDependency */,
				B5BA41F715FB9257005082D7 /* PBXTargetDependency */,
			);
			name = "Battery Time Remaining Tests";
			productName = "Battery Time Tests";
			productReference = B5C45B9115F94BD900EEAD4D /* Battery Time Tests.octest */;
			productType = "com.apple.product-type.bundle";
		};
/* End PBXNativeTarget section */

/* Begin PBXProject section */
		2841C7D315C91CC100F4F15F /* Project object */ = {
			isa = PBXProject;
			attributes = {
				LastUpgradeCheck = 0440;
				ORGANIZATIONNAME = "Pinky Brains";
			};
			buildConfigurationList = 2841C7D615C91CC100F4F15F /* Build configuration list for PBXProject "Battery Time Remaining" */;
			compatibilityVersion = "Xcode 3.2";
			developmentRegion = English;
			hasScannedForEncodings = 0;
			knownRegions = (
				en,
				nl,
				sv,
				fr,
				sk,
				pt,
				pl,
			);
			mainGroup = 2841C7D115C91CC100F4F15F;
			productRefGroup = 2841C7DD15C91CC100F4F15F /* Products */;
			projectDirPath = "";
			projectReferences = (
				{
					ProductGroup = 28FEDA6015DA5EB200320B72 /* Products */;
					ProjectRef = 28FEDA5F15DA5EB200320B72 /* LaunchAtLoginHelper.xcodeproj */;
				},
			);
			projectRoot = "";
			targets = (
				2841C7DB15C91CC100F4F15F /* Battery Time Remaining */,
				B5C45B9015F94BD900EEAD4D /* Battery Time Remaining Tests */,
			);
		};
/* End PBXProject section */

/* Begin PBXReferenceProxy section */
		28FEDA6B15DA5EB200320B72 /* LaunchAtLoginHelper.app */ = {
			isa = PBXReferenceProxy;
			fileType = wrapper.application;
			path = LaunchAtLoginHelper.app;
			remoteRef = 28FEDA6A15DA5EB200320B72 /* PBXContainerItemProxy */;
			sourceTree = BUILT_PRODUCTS_DIR;
		};
/* End PBXReferenceProxy section */

/* Begin PBXResourcesBuildPhase section */
		2841C7DA15C91CC100F4F15F /* Resources */ = {
			isa = PBXResourcesBuildPhase;
			buildActionMask = 2147483647;
			files = (
				2841C7F115C91CC100F4F15F /* Credits.rtf in Resources */,
				28BA61A815D1B12500EDB674 /* icon.icns in Resources */,
				28833BB215D7D4FF00741727 /* Readme.md in Resources */,
				28833BB415D7D61100741727 /* build_version in Resources */,
				D53375E515DC43380077CEF6 /* Localizable.strings in Resources */,
				B5C45BB715FA7AEE00EEAD4D /* MainMenuViewController.xib in Resources */,
			);
			runOnlyForDeploymentPostprocessing = 0;
		};
		B5C45B8E15F94BD900EEAD4D /* Resources */ = {
			isa = PBXResourcesBuildPhase;
			buildActionMask = 2147483647;
			files = (
				B5C45B9A15F94BDA00EEAD4D /* InfoPlist.strings in Resources */,
				B5C45BB815FA7AEE00EEAD4D /* MainMenuViewController.xib in Resources */,
			);
			runOnlyForDeploymentPostprocessing = 0;
		};
/* End PBXResourcesBuildPhase section */

/* Begin PBXShellScriptBuildPhase section */
		B5C45B8F15F94BD900EEAD4D /* ShellScript */ = {
			isa = PBXShellScriptBuildPhase;
			buildActionMask = 2147483647;
			files = (
			);
			inputPaths = (
			);
			outputPaths = (
			);
			runOnlyForDeploymentPostprocessing = 0;
			shellPath = /bin/sh;
			shellScript = "# Run the unit tests in this test bundle.\n\"${SYSTEM_DEVELOPER_DIR}/Tools/RunUnitTests\"\n";
		};
/* End PBXShellScriptBuildPhase section */

/* Begin PBXSourcesBuildPhase section */
		2841C7D815C91CC100F4F15F /* Sources */ = {
			isa = PBXSourcesBuildPhase;
			buildActionMask = 2147483647;
			files = (
				28FEDA6F15DA5F8C00320B72 /* LLManager.m in Sources */,
				2841C7ED15C91CC100F4F15F /* main.m in Sources */,
				2841C7F415C91CC100F4F15F /* AppDelegate.m in Sources */,
				28833BAE15D7B90B00741727 /* HttpGet.m in Sources */,
				B5C45BA815F94DE700EEAD4D /* Settings.m in Sources */,
				B5C45BB515FA7AEE00EEAD4D /* MainMenuViewController.m in Sources */,
				B5C45BC415FAA89C00EEAD4D /* MainMenu.m in Sources */,
				B5C45BC915FAB17100EEAD4D /* PercentageMenuItem.m in Sources */,
				B5C45BD015FAB92C00EEAD4D /* PowerSourceMenuItem.m in Sources */,
				B5C45BD415FAB94000EEAD4D /* LoadCyclesMenuItem.m in Sources */,
				B5C45BD815FAB95500EEAD4D /* PowerUsageMenuItem.m in Sources */,
				B5C45BDC15FAB97F00EEAD4D /* TemperatureMenuItem.m in Sources */,
				B5C45BE015FABCE300EEAD4D /* NotificationsMenuItem.m in Sources */,
				B5C45BE415FABD0600EEAD4D /* StartAtLoginMenuItem.m in Sources */,
				B5BA41EF15FB8A50005082D7 /* PowerSource.m in Sources */,
				B5BA422E15FBA719005082D7 /* StatusItemImageProvider.m in Sources */,
				B5BA423215FBBDA9005082D7 /* MainMenuItems.m in Sources */,
				B5BA423915FBC139005082D7 /* BTRConstants.m in Sources */,
				B5BA424415FD16CD005082D7 /* QuitMenuItem.m in Sources */,
				B5BA425715FD2E1F005082D7 /* OpenEnergySaverPreferencesMenuItem.m in Sources */,
				B5BA425C15FD3D4B005082D7 /* BTRStatusNotificator.m in Sources */,
			);
			runOnlyForDeploymentPostprocessing = 0;
		};
		B5C45B8C15F94BD900EEAD4D /* Sources */ = {
			isa = PBXSourcesBuildPhase;
			buildActionMask = 2147483647;
			files = (
				B5BA421815FB9521005082D7 /* LLManager.m in Sources */,
				B5BA421215FB94FB005082D7 /* PowerSourceMenuItem.m in Sources */,
				B5BA421315FB94FB005082D7 /* LoadCyclesMenuItem.m in Sources */,
				B5BA421415FB94FB005082D7 /* PowerUsageMenuItem.m in Sources */,
				B5BA421515FB94FB005082D7 /* TemperatureMenuItem.m in Sources */,
				B5BA421615FB94FB005082D7 /* StartAtLoginMenuItem.m in Sources */,
				B5BA421715FB94FB005082D7 /* NotificationsMenuItem.m in Sources */,
				B5BA421115FB94E0005082D7 /* MainMenu.m in Sources */,
				B5BA421015FB94BB005082D7 /* PercentageMenuItem.m in Sources */,
				B5C45BA415F94C1A00EEAD4D /* SettingsTest.m in Sources */,
				B5C45BA915F94DE700EEAD4D /* Settings.m in Sources */,
				B5C45BB615FA7AEE00EEAD4D /* MainMenuViewController.m in Sources */,
				B5C45BCD15FAB1D800EEAD4D /* MainMenuTest.m in Sources */,
				B5BA41EC15FB87F0005082D7 /* MainMenuViewControllerTest.m in Sources */,
				B5BA41F015FB8A50005082D7 /* PowerSource.m in Sources */,
				B5BA41F315FB8DB6005082D7 /* PowerSourceTest.m in Sources */,
				B5BA41FA15FB930C005082D7 /* ChargingPowerSourceMock.m in Sources */,
				B5BA422F15FBA719005082D7 /* StatusItemImageProvider.m in Sources */,
				B5BA423315FBBDA9005082D7 /* MainMenuItems.m in Sources */,
				B5BA423A15FBC139005082D7 /* BTRConstants.m in Sources */,
				B5BA423D15FC039F005082D7 /* StatusItemImageProviderTest.m in Sources */,
				B5BA424115FC7E22005082D7 /* AdvancedModeMenuItem.m in Sources */,
				B5BA424515FD16CD005082D7 /* QuitMenuItem.m in Sources */,
				B5BA424815FD1B17005082D7 /* ChargedPowerSourceMock.m in Sources */,
				B5BA424C15FD1B44005082D7 /* BatteryPowerSourceMock.m in Sources */,
				B5BA424F15FD1E33005082D7 /* LowBatteryPowerSourceMock.m in Sources */,
				B5BA425815FD2E1F005082D7 /* OpenEnergySaverPreferencesMenuItem.m in Sources */,
				B5BA425D15FD3D4B005082D7 /* BTRStatusNotificator.m in Sources */,
			);
			runOnlyForDeploymentPostprocessing = 0;
		};
/* End PBXSourcesBuildPhase section */

/* Begin PBXTargetDependency section */
		28FEDA6D15DA5EC200320B72 /* PBXTargetDependency */ = {
			isa = PBXTargetDependency;
			name = LaunchAtLoginHelper;
			targetProxy = 28FEDA6C15DA5EC200320B72 /* PBXContainerItemProxy */;
		};
		B5BA41F715FB9257005082D7 /* PBXTargetDependency */ = {
			isa = PBXTargetDependency;
			name = LaunchAtLoginHelper;
			targetProxy = B5BA41F615FB9257005082D7 /* PBXContainerItemProxy */;
		};
		B5BA420F15FB94AF005082D7 /* PBXTargetDependency */ = {
			isa = PBXTargetDependency;
			target = 2841C7DB15C91CC100F4F15F /* Battery Time Remaining */;
			targetProxy = B5BA420E15FB94AF005082D7 /* PBXContainerItemProxy */;
		};
/* End PBXTargetDependency section */

/* Begin PBXVariantGroup section */
		2841C7EF15C91CC100F4F15F /* Credits.rtf */ = {
			isa = PBXVariantGroup;
			children = (
				2841C7F015C91CC100F4F15F /* en */,
			);
			name = Credits.rtf;
			sourceTree = "<group>";
		};
		B5C45B9815F94BDA00EEAD4D /* InfoPlist.strings */ = {
			isa = PBXVariantGroup;
			children = (
				B5C45B9915F94BDA00EEAD4D /* en */,
			);
			name = InfoPlist.strings;
			sourceTree = "<group>";
		};
		D53375E315DC43380077CEF6 /* Localizable.strings */ = {
			isa = PBXVariantGroup;
			children = (
				D53375E415DC43380077CEF6 /* en */,
				D53375FC15DC44620077CEF6 /* nl */,
				288305DF15DD005C0064D457 /* sv */,
				F018553D15E460A500AC6173 /* fr */,
				C24C463B15E7DC8A00DC943D /* de */,
				28369FFA15EE902E005957A0 /* sk */,
				E5F79AEE15F1002500F23122 /* pl */,
				28C8E25415F684CD009AA6DB /* pt */,
			);
			name = Localizable.strings;
			sourceTree = "<group>";
		};
/* End PBXVariantGroup section */

/* Begin XCBuildConfiguration section */
		2841C7F815C91CC200F4F15F /* Debug */ = {
			isa = XCBuildConfiguration;
			buildSettings = {
				ALWAYS_SEARCH_USER_PATHS = NO;
				ARCHS = "$(ARCHS_STANDARD_64_BIT)";
				CLANG_CXX_LANGUAGE_STANDARD = "gnu++0x";
				CLANG_ENABLE_OBJC_ARC = YES;
				CLANG_WARN__DUPLICATE_METHOD_MATCH = YES;
				CODE_SIGN_IDENTITY = "";
				COPY_PHASE_STRIP = NO;
				GCC_C_LANGUAGE_STANDARD = gnu99;
				GCC_DYNAMIC_NO_PIC = NO;
				GCC_ENABLE_OBJC_EXCEPTIONS = YES;
				GCC_OPTIMIZATION_LEVEL = 0;
				GCC_PREPROCESSOR_DEFINITIONS = (
					"DEBUG=1",
					"$(inherited)",
				);
				GCC_SYMBOLS_PRIVATE_EXTERN = NO;
				GCC_WARN_64_TO_32_BIT_CONVERSION = YES;
				GCC_WARN_ABOUT_RETURN_TYPE = YES;
				GCC_WARN_UNINITIALIZED_AUTOS = YES;
				GCC_WARN_UNUSED_VARIABLE = YES;
				MACOSX_DEPLOYMENT_TARGET = 10.8;
				ONLY_ACTIVE_ARCH = YES;
				SDKROOT = macosx;
			};
			name = Debug;
		};
		2841C7F915C91CC200F4F15F /* Release */ = {
			isa = XCBuildConfiguration;
			buildSettings = {
				ALWAYS_SEARCH_USER_PATHS = NO;
				ARCHS = "$(ARCHS_STANDARD_64_BIT)";
				CLANG_CXX_LANGUAGE_STANDARD = "gnu++0x";
				CLANG_ENABLE_OBJC_ARC = YES;
				CLANG_WARN__DUPLICATE_METHOD_MATCH = YES;
				CODE_SIGN_IDENTITY = "Mac Developer";
				COPY_PHASE_STRIP = YES;
				DEBUG_INFORMATION_FORMAT = "dwarf-with-dsym";
				GCC_C_LANGUAGE_STANDARD = gnu99;
				GCC_ENABLE_OBJC_EXCEPTIONS = YES;
				GCC_WARN_64_TO_32_BIT_CONVERSION = YES;
				GCC_WARN_ABOUT_RETURN_TYPE = YES;
				GCC_WARN_UNINITIALIZED_AUTOS = YES;
				GCC_WARN_UNUSED_VARIABLE = YES;
				MACOSX_DEPLOYMENT_TARGET = 10.8;
				PROVISIONING_PROFILE = "";
				SDKROOT = macosx;
			};
			name = Release;
		};
		2841C7FB15C91CC200F4F15F /* Debug */ = {
			isa = XCBuildConfiguration;
			buildSettings = {
				CODE_SIGN_ENTITLEMENTS = "";
				CODE_SIGN_IDENTITY = "";
				COMBINE_HIDPI_IMAGES = YES;
				GCC_PRECOMPILE_PREFIX_HEADER = YES;
				GCC_PREFIX_HEADER = "Battery Time Remaining/Battery Time Remaining-Prefix.pch";
				INFOPLIST_FILE = "Battery Time Remaining/Battery Time Remaining-Info.plist";
				PRODUCT_NAME = "$(TARGET_NAME)";
				WRAPPER_EXTENSION = app;
			};
			name = Debug;
		};
		2841C7FC15C91CC200F4F15F /* Release */ = {
			isa = XCBuildConfiguration;
			buildSettings = {
				CODE_SIGN_ENTITLEMENTS = "Battery Time Remaining/Battery Time Remaining.entitlements";
				CODE_SIGN_IDENTITY = "Mac Developer";
				COMBINE_HIDPI_IMAGES = YES;
				GCC_PRECOMPILE_PREFIX_HEADER = YES;
				GCC_PREFIX_HEADER = "Battery Time Remaining/Battery Time Remaining-Prefix.pch";
				INFOPLIST_FILE = "Battery Time Remaining/Battery Time Remaining-Info.plist";
				PRODUCT_NAME = "$(TARGET_NAME)";
				PROVISIONING_PROFILE = "";
				WRAPPER_EXTENSION = app;
			};
			name = Release;
		};
		B5C45BA015F94BDA00EEAD4D /* Debug */ = {
			isa = XCBuildConfiguration;
			buildSettings = {
				COMBINE_HIDPI_IMAGES = YES;
				FRAMEWORK_SEARCH_PATHS = "\"$(DEVELOPER_LIBRARY_DIR)/Frameworks\"";
				GCC_PRECOMPILE_PREFIX_HEADER = YES;
				GCC_PREFIX_HEADER = "Battery Time Tests/Battery Time Tests-Prefix.pch";
				INFOPLIST_FILE = "Battery Time Tests/Battery Time Tests-Info.plist";
				PRODUCT_NAME = "$(TARGET_NAME)";
				WRAPPER_EXTENSION = octest;
			};
			name = Debug;
		};
		B5C45BA115F94BDA00EEAD4D /* Release */ = {
			isa = XCBuildConfiguration;
			buildSettings = {
				COMBINE_HIDPI_IMAGES = YES;
				FRAMEWORK_SEARCH_PATHS = "\"$(DEVELOPER_LIBRARY_DIR)/Frameworks\"";
				GCC_PRECOMPILE_PREFIX_HEADER = YES;
				GCC_PREFIX_HEADER = "Battery Time Tests/Battery Time Tests-Prefix.pch";
				INFOPLIST_FILE = "Battery Time Tests/Battery Time Tests-Info.plist";
				PRODUCT_NAME = "$(TARGET_NAME)";
				WRAPPER_EXTENSION = octest;
			};
			name = Release;
		};
/* End XCBuildConfiguration section */

/* Begin XCConfigurationList section */
		2841C7D615C91CC100F4F15F /* Build configuration list for PBXProject "Battery Time Remaining" */ = {
			isa = XCConfigurationList;
			buildConfigurations = (
				2841C7F815C91CC200F4F15F /* Debug */,
				2841C7F915C91CC200F4F15F /* Release */,
			);
			defaultConfigurationIsVisible = 0;
			defaultConfigurationName = Release;
		};
		2841C7FA15C91CC200F4F15F /* Build configuration list for PBXNativeTarget "Battery Time Remaining" */ = {
			isa = XCConfigurationList;
			buildConfigurations = (
				2841C7FB15C91CC200F4F15F /* Debug */,
				2841C7FC15C91CC200F4F15F /* Release */,
			);
			defaultConfigurationIsVisible = 0;
			defaultConfigurationName = Release;
		};
		B5C45B9F15F94BDA00EEAD4D /* Build configuration list for PBXNativeTarget "Battery Time Remaining Tests" */ = {
			isa = XCConfigurationList;
			buildConfigurations = (
				B5C45BA015F94BDA00EEAD4D /* Debug */,
				B5C45BA115F94BDA00EEAD4D /* Release */,
			);
			defaultConfigurationIsVisible = 0;
			defaultConfigurationName = Release;
		};
/* End XCConfigurationList section */
	};
	rootObject = 2841C7D315C91CC100F4F15F /* Project object */;
}
