// !$*UTF8*$!
{
	archiveVersion = 1;
	classes = {
	};
	objectVersion = 46;
	objects = {

/* Begin PBXBuildFile section */
		280E9EBD15E0D18C00530934 /* QuartzCore.framework in Frameworks */ = {isa = PBXBuildFile; fileRef = 280E9EBC15E0D18C00530934 /* QuartzCore.framework */; };
		2841C7E115C91CC100F4F15F /* Cocoa.framework in Frameworks */ = {isa = PBXBuildFile; fileRef = 2841C7E015C91CC100F4F15F /* Cocoa.framework */; };
		2841C7ED15C91CC100F4F15F /* main.m in Sources */ = {isa = PBXBuildFile; fileRef = 2841C7EC15C91CC100F4F15F /* main.m */; };
		2841C7F115C91CC100F4F15F /* Credits.rtf in Resources */ = {isa = PBXBuildFile; fileRef = 2841C7EF15C91CC100F4F15F /* Credits.rtf */; };
		2841C7F415C91CC100F4F15F /* AppDelegate.m in Sources */ = {isa = PBXBuildFile; fileRef = 2841C7F315C91CC100F4F15F /* AppDelegate.m */; };
		2841C7FE15C91CEF00F4F15F /* IOKit.framework in Frameworks */ = {isa = PBXBuildFile; fileRef = 2841C7FD15C91CEF00F4F15F /* IOKit.framework */; };
		288305E515DD04790064D457 /* InfoPlist.strings in Resources */ = {isa = PBXBuildFile; fileRef = 288305E315DD04790064D457 /* InfoPlist.strings */; };
		28833BAE15D7B90B00741727 /* HttpGet.m in Sources */ = {isa = PBXBuildFile; fileRef = 28833BAD15D7B90B00741727 /* HttpGet.m */; };
		28833BB215D7D4FF00741727 /* Readme.md in Resources */ = {isa = PBXBuildFile; fileRef = 28833BB115D7D4FF00741727 /* Readme.md */; };
		28833BB415D7D61100741727 /* build_version in Resources */ = {isa = PBXBuildFile; fileRef = 28833BB315D7D61100741727 /* build_version */; };
		28BA61A815D1B12500EDB674 /* icon.icns in Resources */ = {isa = PBXBuildFile; fileRef = 28BA61A715D1B12500EDB674 /* icon.icns */; };
		28FEDA5E15DA5C9D00320B72 /* ServiceManagement.framework in Frameworks */ = {isa = PBXBuildFile; fileRef = 28FEDA5D15DA5C9D00320B72 /* ServiceManagement.framework */; };
		28FEDA6E15DA5ECA00320B72 /* LaunchAtLoginHelper.app in CopyFiles */ = {isa = PBXBuildFile; fileRef = 28FEDA6B15DA5EB200320B72 /* LaunchAtLoginHelper.app */; };
		28FEDA6F15DA5F8C00320B72 /* LLManager.m in Sources */ = {isa = PBXBuildFile; fileRef = 28FEDA6315DA5EB200320B72 /* LLManager.m */; };
		D53375E515DC43380077CEF6 /* Localizable.strings in Resources */ = {isa = PBXBuildFile; fileRef = D53375E315DC43380077CEF6 /* Localizable.strings */; };
/* End PBXBuildFile section */

/* Begin PBXContainerItemProxy section */
		28FEDA6A15DA5EB200320B72 /* PBXContainerItemProxy */ = {
			isa = PBXContainerItemProxy;
			containerPortal = 28FEDA5F15DA5EB200320B72 /* LaunchAtLoginHelper.xcodeproj */;
			proxyType = 2;
			remoteGlobalIDString = 734C379415414CE200994189;
			remoteInfo = LaunchAtLoginHelper;
		};
		28FEDA6C15DA5EC200320B72 /* PBXContainerItemProxy */ = {
			isa = PBXContainerItemProxy;
			containerPortal = 28FEDA5F15DA5EB200320B72 /* LaunchAtLoginHelper.xcodeproj */;
			proxyType = 1;
			remoteGlobalIDString = 734C379315414CE200994189;
			remoteInfo = LaunchAtLoginHelper;
		};
/* End PBXContainerItemProxy section */

/* Begin PBXCopyFilesBuildPhase section */
		28FEDA5B15DA5B5900320B72 /* CopyFiles */ = {
			isa = PBXCopyFilesBuildPhase;
			buildActionMask = 2147483647;
			dstPath = Contents/Library/LoginItems;
			dstSubfolderSpec = 1;
			files = (
				28FEDA6E15DA5ECA00320B72 /* LaunchAtLoginHelper.app in CopyFiles */,
			);
			runOnlyForDeploymentPostprocessing = 0;
		};
/* End PBXCopyFilesBuildPhase section */

/* Begin PBXFileReference section */
		280E9EBC15E0D18C00530934 /* QuartzCore.framework */ = {isa = PBXFileReference; lastKnownFileType = wrapper.framework; name = QuartzCore.framework; path = System/Library/Frameworks/QuartzCore.framework; sourceTree = SDKROOT; };
		2841C7DC15C91CC100F4F15F /* Battery Time Remaining.app */ = {isa = PBXFileReference; explicitFileType = wrapper.application; includeInIndex = 0; path = "Battery Time Remaining.app"; sourceTree = BUILT_PRODUCTS_DIR; };
		2841C7E015C91CC100F4F15F /* Cocoa.framework */ = {isa = PBXFileReference; lastKnownFileType = wrapper.framework; name = Cocoa.framework; path = System/Library/Frameworks/Cocoa.framework; sourceTree = SDKROOT; };
		2841C7E315C91CC100F4F15F /* AppKit.framework */ = {isa = PBXFileReference; lastKnownFileType = wrapper.framework; name = AppKit.framework; path = System/Library/Frameworks/AppKit.framework; sourceTree = SDKROOT; };
		2841C7E415C91CC100F4F15F /* CoreData.framework */ = {isa = PBXFileReference; lastKnownFileType = wrapper.framework; name = CoreData.framework; path = System/Library/Frameworks/CoreData.framework; sourceTree = SDKROOT; };
		2841C7E515C91CC100F4F15F /* Foundation.framework */ = {isa = PBXFileReference; lastKnownFileType = wrapper.framework; name = Foundation.framework; path = System/Library/Frameworks/Foundation.framework; sourceTree = SDKROOT; };
		2841C7E815C91CC100F4F15F /* Battery Time Remaining-Info.plist */ = {isa = PBXFileReference; lastKnownFileType = text.plist.xml; path = "Battery Time Remaining-Info.plist"; sourceTree = "<group>"; };
		2841C7EC15C91CC100F4F15F /* main.m */ = {isa = PBXFileReference; lastKnownFileType = sourcecode.c.objc; path = main.m; sourceTree = "<group>"; };
		2841C7EE15C91CC100F4F15F /* Battery Time Remaining-Prefix.pch */ = {isa = PBXFileReference; lastKnownFileType = sourcecode.c.h; path = "Battery Time Remaining-Prefix.pch"; sourceTree = "<group>"; };
		2841C7F015C91CC100F4F15F /* en */ = {isa = PBXFileReference; lastKnownFileType = text.rtf; name = en; path = en.lproj/Credits.rtf; sourceTree = "<group>"; };
		2841C7F215C91CC100F4F15F /* AppDelegate.h */ = {isa = PBXFileReference; lastKnownFileType = sourcecode.c.h; path = AppDelegate.h; sourceTree = "<group>"; };
		2841C7F315C91CC100F4F15F /* AppDelegate.m */ = {isa = PBXFileReference; lastKnownFileType = sourcecode.c.objc; path = AppDelegate.m; sourceTree = "<group>"; };
		2841C7FD15C91CEF00F4F15F /* IOKit.framework */ = {isa = PBXFileReference; lastKnownFileType = wrapper.framework; name = IOKit.framework; path = System/Library/Frameworks/IOKit.framework; sourceTree = SDKROOT; };
		288305DF15DD005C0064D457 /* sv */ = {isa = PBXFileReference; fileEncoding = 10; lastKnownFileType = text.plist.strings; name = sv; path = sv.lproj/Localizable.strings; sourceTree = "<group>"; };
		288305E415DD04790064D457 /* en */ = {isa = PBXFileReference; lastKnownFileType = text.plist.strings; name = en; path = en.lproj/InfoPlist.strings; sourceTree = "<group>"; };
		28833BAC15D7B90B00741727 /* HttpGet.h */ = {isa = PBXFileReference; fileEncoding = 4; lastKnownFileType = sourcecode.c.h; path = HttpGet.h; sourceTree = "<group>"; };
		28833BAD15D7B90B00741727 /* HttpGet.m */ = {isa = PBXFileReference; fileEncoding = 4; lastKnownFileType = sourcecode.c.objc; path = HttpGet.m; sourceTree = "<group>"; };
		28833BB115D7D4FF00741727 /* Readme.md */ = {isa = PBXFileReference; fileEncoding = 4; lastKnownFileType = text; path = Readme.md; sourceTree = SOURCE_ROOT; };
		28833BB315D7D61100741727 /* build_version */ = {isa = PBXFileReference; fileEncoding = 4; lastKnownFileType = text; path = build_version; sourceTree = SOURCE_ROOT; };
		28BA61A715D1B12500EDB674 /* icon.icns */ = {isa = PBXFileReference; lastKnownFileType = image.icns; name = icon.icns; path = ../icon.icns; sourceTree = "<group>"; };
		28BA61A915D1B63300EDB674 /* Battery Time Remaining.entitlements */ = {isa = PBXFileReference; lastKnownFileType = text.xml; path = "Battery Time Remaining.entitlements"; sourceTree = "<group>"; };
		28FEDA5D15DA5C9D00320B72 /* ServiceManagement.framework */ = {isa = PBXFileReference; lastKnownFileType = wrapper.framework; name = ServiceManagement.framework; path = System/Library/Frameworks/ServiceManagement.framework; sourceTree = SDKROOT; };
		28FEDA5F15DA5EB200320B72 /* LaunchAtLoginHelper.xcodeproj */ = {isa = PBXFileReference; lastKnownFileType = "wrapper.pb-project"; name = LaunchAtLoginHelper.xcodeproj; path = LaunchAtLoginHelper/LaunchAtLoginHelper.xcodeproj; sourceTree = "<group>"; };
		28FEDA6215DA5EB200320B72 /* LLManager.h */ = {isa = PBXFileReference; lastKnownFileType = sourcecode.c.h; name = LLManager.h; path = ../LaunchAtLoginHelper/LLManager.h; sourceTree = "<group>"; };
		28FEDA6315DA5EB200320B72 /* LLManager.m */ = {isa = PBXFileReference; lastKnownFileType = sourcecode.c.objc; name = LLManager.m; path = ../LaunchAtLoginHelper/LLManager.m; sourceTree = "<group>"; };
		28FEDA6415DA5EB200320B72 /* LLStrings.h */ = {isa = PBXFileReference; lastKnownFileType = sourcecode.c.h; name = LLStrings.h; path = ../LaunchAtLoginHelper/LLStrings.h; sourceTree = "<group>"; };
		C24C463B15E7DC8A00DC943D /* de */ = {isa = PBXFileReference; fileEncoding = 10; lastKnownFileType = text.plist.strings; name = de; path = de.lproj/Localizable.strings; sourceTree = "<group>"; };
		D53375E415DC43380077CEF6 /* en */ = {isa = PBXFileReference; fileEncoding = 10; lastKnownFileType = text.plist.strings; name = en; path = en.lproj/Localizable.strings; sourceTree = "<group>"; };
		D53375FC15DC44620077CEF6 /* nl */ = {isa = PBXFileReference; fileEncoding = 10; lastKnownFileType = text.plist.strings; name = nl; path = nl.lproj/Localizable.strings; sourceTree = "<group>"; };
		F018553D15E460A500AC6173 /* fr */ = {isa = PBXFileReference; fileEncoding = 10; lastKnownFileType = text.plist.strings; name = fr; path = fr.lproj/Localizable.strings; sourceTree = "<group>"; };
/* End PBXFileReference section */

/* Begin PBXFrameworksBuildPhase section */
		2841C7D915C91CC100F4F15F /* Frameworks */ = {
			isa = PBXFrameworksBuildPhase;
			buildActionMask = 2147483647;
			files = (
				280E9EBD15E0D18C00530934 /* QuartzCore.framework in Frameworks */,
				28FEDA5E15DA5C9D00320B72 /* ServiceManagement.framework in Frameworks */,
				2841C7FE15C91CEF00F4F15F /* IOKit.framework in Frameworks */,
				2841C7E115C91CC100F4F15F /* Cocoa.framework in Frameworks */,
			);
			runOnlyForDeploymentPostprocessing = 0;
		};
/* End PBXFrameworksBuildPhase section */

/* Begin PBXGroup section */
		2841C7D115C91CC100F4F15F = {
			isa = PBXGroup;
			children = (
				28FEDA5F15DA5EB200320B72 /* LaunchAtLoginHelper.xcodeproj */,
				2841C7E615C91CC100F4F15F /* Battery Time Remaining */,
				2841C7DF15C91CC100F4F15F /* Frameworks */,
				2841C7DD15C91CC100F4F15F /* Products */,
			);
			sourceTree = "<group>";
		};
		2841C7DD15C91CC100F4F15F /* Products */ = {
			isa = PBXGroup;
			children = (
				2841C7DC15C91CC100F4F15F /* Battery Time Remaining.app */,
			);
			name = Products;
			sourceTree = "<group>";
		};
		2841C7DF15C91CC100F4F15F /* Frameworks */ = {
			isa = PBXGroup;
			children = (
				280E9EBC15E0D18C00530934 /* QuartzCore.framework */,
				28FEDA5D15DA5C9D00320B72 /* ServiceManagement.framework */,
				2841C7FD15C91CEF00F4F15F /* IOKit.framework */,
				2841C7E015C91CC100F4F15F /* Cocoa.framework */,
				2841C7E215C91CC100F4F15F /* Other Frameworks */,
			);
			name = Frameworks;
			sourceTree = "<group>";
		};
		2841C7E215C91CC100F4F15F /* Other Frameworks */ = {
			isa = PBXGroup;
			children = (
				2841C7E315C91CC100F4F15F /* AppKit.framework */,
				2841C7E415C91CC100F4F15F /* CoreData.framework */,
				2841C7E515C91CC100F4F15F /* Foundation.framework */,
			);
			name = "Other Frameworks";
			sourceTree = "<group>";
		};
		2841C7E615C91CC100F4F15F /* Battery Time Remaining */ = {
			isa = PBXGroup;
			children = (
				28FEDA6215DA5EB200320B72 /* LLManager.h */,
				28FEDA6315DA5EB200320B72 /* LLManager.m */,
				28FEDA6415DA5EB200320B72 /* LLStrings.h */,
				2841C7F215C91CC100F4F15F /* AppDelegate.h */,
				2841C7F315C91CC100F4F15F /* AppDelegate.m */,
				28833BAC15D7B90B00741727 /* HttpGet.h */,
				28833BAD15D7B90B00741727 /* HttpGet.m */,
				2841C7E715C91CC100F4F15F /* Supporting Files */,
			);
			path = "Battery Time Remaining";
			sourceTree = "<group>";
		};
		2841C7E715C91CC100F4F15F /* Supporting Files */ = {
			isa = PBXGroup;
			children = (
				288305E315DD04790064D457 /* InfoPlist.strings */,
				D53375E315DC43380077CEF6 /* Localizable.strings */,
				28833BB315D7D61100741727 /* build_version */,
				28833BB115D7D4FF00741727 /* Readme.md */,
				28BA61A715D1B12500EDB674 /* icon.icns */,
				28BA61A915D1B63300EDB674 /* Battery Time Remaining.entitlements */,
				2841C7E815C91CC100F4F15F /* Battery Time Remaining-Info.plist */,
				2841C7EC15C91CC100F4F15F /* main.m */,
				2841C7EE15C91CC100F4F15F /* Battery Time Remaining-Prefix.pch */,
				2841C7EF15C91CC100F4F15F /* Credits.rtf */,
			);
			name = "Supporting Files";
			sourceTree = "<group>";
		};
		28FEDA6015DA5EB200320B72 /* Products */ = {
			isa = PBXGroup;
			children = (
				28FEDA6B15DA5EB200320B72 /* LaunchAtLoginHelper.app */,
			);
			name = Products;
			sourceTree = "<group>";
		};
/* End PBXGroup section */

/* Begin PBXNativeTarget section */
		2841C7DB15C91CC100F4F15F /* Battery Time Remaining */ = {
			isa = PBXNativeTarget;
			buildConfigurationList = 2841C7FA15C91CC200F4F15F /* Build configuration list for PBXNativeTarget "Battery Time Remaining" */;
			buildPhases = (
				2841C7D815C91CC100F4F15F /* Sources */,
				2841C7D915C91CC100F4F15F /* Frameworks */,
				2841C7DA15C91CC100F4F15F /* Resources */,
				28FEDA5B15DA5B5900320B72 /* CopyFiles */,
			);
			buildRules = (
			);
			dependencies = (
				28FEDA6D15DA5EC200320B72 /* PBXTargetDependency */,
			);
			name = "Battery Time Remaining";
			productName = "Battery Time Remaining";
			productReference = 2841C7DC15C91CC100F4F15F /* Battery Time Remaining.app */;
			productType = "com.apple.product-type.application";
		};
/* End PBXNativeTarget section */

/* Begin PBXProject section */
		2841C7D315C91CC100F4F15F /* Project object */ = {
			isa = PBXProject;
			attributes = {
				LastUpgradeCheck = 0440;
				ORGANIZATIONNAME = "Han Lin Yap";
			};
			buildConfigurationList = 2841C7D615C91CC100F4F15F /* Build configuration list for PBXProject "Battery Time Remaining" */;
			compatibilityVersion = "Xcode 3.2";
			developmentRegion = English;
			hasScannedForEncodings = 0;
			knownRegions = (
				en,
				nl,
				sv,
				fr,
			);
			mainGroup = 2841C7D115C91CC100F4F15F;
			productRefGroup = 2841C7DD15C91CC100F4F15F /* Products */;
			projectDirPath = "";
			projectReferences = (
				{
					ProductGroup = 28FEDA6015DA5EB200320B72 /* Products */;
					ProjectRef = 28FEDA5F15DA5EB200320B72 /* LaunchAtLoginHelper.xcodeproj */;
				},
			);
			projectRoot = "";
			targets = (
				2841C7DB15C91CC100F4F15F /* Battery Time Remaining */,
			);
		};
/* End PBXProject section */

/* Begin PBXReferenceProxy section */
		28FEDA6B15DA5EB200320B72 /* LaunchAtLoginHelper.app */ = {
			isa = PBXReferenceProxy;
			fileType = wrapper.application;
			path = LaunchAtLoginHelper.app;
			remoteRef = 28FEDA6A15DA5EB200320B72 /* PBXContainerItemProxy */;
			sourceTree = BUILT_PRODUCTS_DIR;
		};
/* End PBXReferenceProxy section */

/* Begin PBXResourcesBuildPhase section */
		2841C7DA15C91CC100F4F15F /* Resources */ = {
			isa = PBXResourcesBuildPhase;
			buildActionMask = 2147483647;
			files = (
				2841C7F115C91CC100F4F15F /* Credits.rtf in Resources */,
				28BA61A815D1B12500EDB674 /* icon.icns in Resources */,
				28833BB215D7D4FF00741727 /* Readme.md in Resources */,
				28833BB415D7D61100741727 /* build_version in Resources */,
				D53375E515DC43380077CEF6 /* Localizable.strings in Resources */,
				288305E515DD04790064D457 /* InfoPlist.strings in Resources */,
			);
			runOnlyForDeploymentPostprocessing = 0;
		};
/* End PBXResourcesBuildPhase section */

/* Begin PBXSourcesBuildPhase section */
		2841C7D815C91CC100F4F15F /* Sources */ = {
			isa = PBXSourcesBuildPhase;
			buildActionMask = 2147483647;
			files = (
				28FEDA6F15DA5F8C00320B72 /* LLManager.m in Sources */,
				2841C7ED15C91CC100F4F15F /* main.m in Sources */,
				2841C7F415C91CC100F4F15F /* AppDelegate.m in Sources */,
				28833BAE15D7B90B00741727 /* HttpGet.m in Sources */,
			);
			runOnlyForDeploymentPostprocessing = 0;
		};
/* End PBXSourcesBuildPhase section */

/* Begin PBXTargetDependency section */
		28FEDA6D15DA5EC200320B72 /* PBXTargetDependency */ = {
			isa = PBXTargetDependency;
			name = LaunchAtLoginHelper;
			targetProxy = 28FEDA6C15DA5EC200320B72 /* PBXContainerItemProxy */;
		};
/* End PBXTargetDependency section */

/* Begin PBXVariantGroup section */
		2841C7EF15C91CC100F4F15F /* Credits.rtf */ = {
			isa = PBXVariantGroup;
			children = (
				2841C7F015C91CC100F4F15F /* en */,
			);
			name = Credits.rtf;
			sourceTree = "<group>";
		};
		288305E315DD04790064D457 /* InfoPlist.strings */ = {
			isa = PBXVariantGroup;
			children = (
				288305E415DD04790064D457 /* en */,
			);
			name = InfoPlist.strings;
			sourceTree = "<group>";
		};
		D53375E315DC43380077CEF6 /* Localizable.strings */ = {
			isa = PBXVariantGroup;
			children = (
				D53375E415DC43380077CEF6 /* en */,
				D53375FC15DC44620077CEF6 /* nl */,
				288305DF15DD005C0064D457 /* sv */,
				F018553D15E460A500AC6173 /* fr */,
				C24C463B15E7DC8A00DC943D /* de */,
			);
			name = Localizable.strings;
			sourceTree = "<group>";
		};
/* End PBXVariantGroup section */

/* Begin XCBuildConfiguration section */
		2841C7F815C91CC200F4F15F /* Debug */ = {
			isa = XCBuildConfiguration;
			buildSettings = {
				ALWAYS_SEARCH_USER_PATHS = NO;
				ARCHS = "$(ARCHS_STANDARD_64_BIT)";
				CLANG_CXX_LANGUAGE_STANDARD = "gnu++0x";
				CLANG_ENABLE_OBJC_ARC = YES;
				CLANG_WARN__DUPLICATE_METHOD_MATCH = YES;
				COPY_PHASE_STRIP = NO;
				GCC_C_LANGUAGE_STANDARD = gnu99;
				GCC_DYNAMIC_NO_PIC = NO;
				GCC_ENABLE_OBJC_EXCEPTIONS = YES;
				GCC_OPTIMIZATION_LEVEL = 0;
				GCC_PREPROCESSOR_DEFINITIONS = (
					"DEBUG=1",
					"$(inherited)",
				);
				GCC_SYMBOLS_PRIVATE_EXTERN = NO;
				GCC_WARN_64_TO_32_BIT_CONVERSION = YES;
				GCC_WARN_ABOUT_RETURN_TYPE = YES;
				GCC_WARN_UNINITIALIZED_AUTOS = YES;
				GCC_WARN_UNUSED_VARIABLE = YES;
				MACOSX_DEPLOYMENT_TARGET = 10.8;
				ONLY_ACTIVE_ARCH = YES;
				SDKROOT = macosx;
			};
			name = Debug;
		};
		2841C7F915C91CC200F4F15F /* Release */ = {
			isa = XCBuildConfiguration;
			buildSettings = {
				ALWAYS_SEARCH_USER_PATHS = NO;
				ARCHS = "$(ARCHS_STANDARD_64_BIT)";
				CLANG_CXX_LANGUAGE_STANDARD = "gnu++0x";
				CLANG_ENABLE_OBJC_ARC = YES;
				CLANG_WARN__DUPLICATE_METHOD_MATCH = YES;
				COPY_PHASE_STRIP = YES;
				DEBUG_INFORMATION_FORMAT = "dwarf-with-dsym";
				GCC_C_LANGUAGE_STANDARD = gnu99;
				GCC_ENABLE_OBJC_EXCEPTIONS = YES;
				GCC_WARN_64_TO_32_BIT_CONVERSION = YES;
				GCC_WARN_ABOUT_RETURN_TYPE = YES;
				GCC_WARN_UNINITIALIZED_AUTOS = YES;
				GCC_WARN_UNUSED_VARIABLE = YES;
				MACOSX_DEPLOYMENT_TARGET = 10.8;
				SDKROOT = macosx;
			};
			name = Release;
		};
		2841C7FB15C91CC200F4F15F /* Debug */ = {
			isa = XCBuildConfiguration;
			buildSettings = {
				CODE_SIGN_ENTITLEMENTS = "Battery Time Remaining/Battery Time Remaining.entitlements";
				CODE_SIGN_IDENTITY = "Developer ID Application: Han Lin Yap";
				COMBINE_HIDPI_IMAGES = YES;
				GCC_PRECOMPILE_PREFIX_HEADER = YES;
				GCC_PREFIX_HEADER = "Battery Time Remaining/Battery Time Remaining-Prefix.pch";
				INFOPLIST_FILE = "Battery Time Remaining/Battery Time Remaining-Info.plist";
				PRODUCT_NAME = "$(TARGET_NAME)";
				PROVISIONING_PROFILE = "";
				WRAPPER_EXTENSION = app;
			};
			name = Debug;
		};
		2841C7FC15C91CC200F4F15F /* Release */ = {
			isa = XCBuildConfiguration;
			buildSettings = {
				CODE_SIGN_ENTITLEMENTS = "Battery Time Remaining/Battery Time Remaining.entitlements";
				CODE_SIGN_IDENTITY = "Developer ID Application: Han Lin Yap";
				COMBINE_HIDPI_IMAGES = YES;
				GCC_PRECOMPILE_PREFIX_HEADER = YES;
				GCC_PREFIX_HEADER = "Battery Time Remaining/Battery Time Remaining-Prefix.pch";
				INFOPLIST_FILE = "Battery Time Remaining/Battery Time Remaining-Info.plist";
				PRODUCT_NAME = "$(TARGET_NAME)";
				PROVISIONING_PROFILE = "";
				WRAPPER_EXTENSION = app;
			};
			name = Release;
		};
/* End XCBuildConfiguration section */

/* Begin XCConfigurationList section */
		2841C7D615C91CC100F4F15F /* Build configuration list for PBXProject "Battery Time Remaining" */ = {
			isa = XCConfigurationList;
			buildConfigurations = (
				2841C7F815C91CC200F4F15F /* Debug */,
				2841C7F915C91CC200F4F15F /* Release */,
			);
			defaultConfigurationIsVisible = 0;
			defaultConfigurationName = Release;
		};
		2841C7FA15C91CC200F4F15F /* Build configuration list for PBXNativeTarget "Battery Time Remaining" */ = {
			isa = XCConfigurationList;
			buildConfigurations = (
				2841C7FB15C91CC200F4F15F /* Debug */,
				2841C7FC15C91CC200F4F15F /* Release */,
			);
			defaultConfigurationIsVisible = 0;
			defaultConfigurationName = Release;
		};
/* End XCConfigurationList section */
	};
	rootObject = 2841C7D315C91CC100F4F15F /* Project object */;
}
